
Microsoft Visual Studio Solution File, Format Version 12.00
# Visual Studio 15
VisualStudioVersion = 15.0.28307.271
MinimumVisualStudioVersion = 10.0.40219.1
Project("{FAE04EC0-301F-11D3-BF4B-00C04F79EFBC}") = "AuVSIX", "AuVSIX\AuVSIX.csproj", "{C15354FA-510D-42F4-BB84-2FFDE2A2B982}"
EndProject
Project("{FAE04EC0-301F-11D3-BF4B-00C04F79EFBC}") = "AuMVCTSWP", "AuMVCTSWP\AuMVCTSWP.csproj", "{F7BD19BD-CE7E-4C4E-8641-508956E80E57}"
EndProject
Project("{FAE04EC0-301F-11D3-BF4B-00C04F79EFBC}") = "AuMVCBLWP", "AuMVCBLWP\AuMVCBLWP.csproj", "{392E4BB0-14B2-4FC2-941A-208C910AB189}"
EndProject
Global
	GlobalSection(SolutionConfigurationPlatforms) = preSolution
		Debug|Any CPU = Debug|Any CPU
		Release|Any CPU = Release|Any CPU
	EndGlobalSection
	GlobalSection(ProjectConfigurationPlatforms) = postSolution
		{C15354FA-510D-42F4-BB84-2FFDE2A2B982}.Debug|Any CPU.ActiveCfg = Debug|Any CPU
		{C15354FA-510D-42F4-BB84-2FFDE2A2B982}.Debug|Any CPU.Build.0 = Debug|Any CPU
		{C15354FA-510D-42F4-BB84-2FFDE2A2B982}.Release|Any CPU.ActiveCfg = Release|Any CPU
		{C15354FA-510D-42F4-BB84-2FFDE2A2B982}.Release|Any CPU.Build.0 = Release|Any CPU
		{F7BD19BD-CE7E-4C4E-8641-508956E80E57}.Debug|Any CPU.ActiveCfg = Debug|Any CPU
		{F7BD19BD-CE7E-4C4E-8641-508956E80E57}.Debug|Any CPU.Build.0 = Debug|Any CPU
		{F7BD19BD-CE7E-4C4E-8641-508956E80E57}.Release|Any CPU.ActiveCfg = Release|Any CPU
		{F7BD19BD-CE7E-4C4E-8641-508956E80E57}.Release|Any CPU.Build.0 = Release|Any CPU
		{392E4BB0-14B2-4FC2-941A-208C910AB189}.Debug|Any CPU.ActiveCfg = Debug|Any CPU
		{392E4BB0-14B2-4FC2-941A-208C910AB189}.Debug|Any CPU.Build.0 = Debug|Any CPU
		{392E4BB0-14B2-4FC2-941A-208C910AB189}.Release|Any CPU.ActiveCfg = Release|Any CPU
		{392E4BB0-14B2-4FC2-941A-208C910AB189}.Release|Any CPU.Build.0 = Release|Any CPU
	EndGlobalSection
	GlobalSection(SolutionProperties) = preSolution
		HideSolutionNode = FALSE
	EndGlobalSection
	GlobalSection(ExtensibilityGlobals) = postSolution
		SolutionGuid = {54E80857-A618-455D-8076-9201CAAE525D}
	EndGlobalSection
EndGlobal
